{
  "name": "sk.report",
  "version": "1.0.0",
  "lockfileVersion": 2,
  "requires": true,
  "packages": {
    "": {
      "name": "sk.report",
      "version": "1.0.0",
      "dependencies": {
        "@devexpress/analytics-core": "23.2.12",
        "bootstrap": "^4.3.1",
        "devexpress-dashboard": "23.2.12",
        "devexpress-reporting": "23.2.12",
        "devextreme-dist": "23.2.12"
      }
    },
    "node_modules/@babel/runtime": {
      "version": "7.22.6",
      "resolved": "https://registry.npmjs.org/@babel/runtime/-/runtime-7.22.6.tgz",
      "integrity": "sha512-wDb5pWm4WDdF6LFUde3Jl8WzPA+3ZbxYqkC6xAXuD3irdEHN1k0NfTRrJD8ZD378SJ61miMLCqIOXYhd8x+AJQ==",
      "peer": true,
      "dependencies": {
        "regenerator-runtime": "^0.13.11"
      },
      "engines": {
        "node": ">=6.9.0"
      }
    },
    "node_modules/@devexpress/analytics-core": {
      "version": "23.2.12",
      "resolved": "https://registry.npmjs.org/@devexpress/analytics-core/-/analytics-core-23.2.12.tgz",
      "integrity": "sha512-4s6hdRhvOOVfJPgpgDUCQFmFWhYdW9WG1bE8IAy7IgmG50wfg8JuMOHhVo42B8q0A3r9fnACmTQT2QrWBulj3g==",
      "dependencies": {
        "@types/jquery": "^3.1.1",
        "ace-builds": "^1.4.13",
        "jquery": "^3.1.1",
        "knockout": "~3.5.0"
      },
      "peerDependencies": {
        "devextreme": "23.2.12"
      }
    },
    "node_modules/@devexpress/utils": {
      "version": "1.4.1",
      "resolved": "https://registry.npmjs.org/@devexpress/utils/-/utils-1.4.1.tgz",
      "integrity": "sha512-wXixOorFlYsUiLOjAxb9UnTtvMXxYdsEmApKrbDmRk9M76V8evOQR2ChUzNtfPloy7fZecL8UWq/sF+3ZCPzQQ==",
      "peer": true,
      "dependencies": {
        "tslib": "2.3.1"
      }
    },
    "node_modules/@devexpress/utils/node_modules/tslib": {
      "version": "2.3.1",
      "resolved": "https://registry.npmjs.org/tslib/-/tslib-2.3.1.tgz",
      "integrity": "sha512-77EbyPPpMz+FRFRuAFlWMtmgUWGe9UOG2Z25NqCwiIjRhOf5iKGuzSe5P2w1laq+FkRy4p+PCuVkJSGkzTEKVw==",
      "peer": true
    },
    "node_modules/@devextreme/runtime": {
      "version": "3.0.13",
      "resolved": "https://registry.npmjs.org/@devextreme/runtime/-/runtime-3.0.13.tgz",
      "integrity": "sha512-//24I6vo5a+XG/Ul3+vOGqU4M22IWyldpECxLY8iyGJWA5fiNaYzAedrMV2Ixo5oRj8DawiHTZKy5iKKF9ks5g==",
      "peer": true,
      "dependencies": {
        "inferno": "^7.4.6",
        "inferno-create-element": "^7.4.6",
        "inferno-hydrate": "^7.4.6"
      }
    },
    "node_modules/@types/jquery": {
      "version": "3.5.16",
      "resolved": "https://registry.npmjs.org/@types/jquery/-/jquery-3.5.16.tgz",
      "integrity": "sha512-bsI7y4ZgeMkmpG9OM710RRzDFp+w4P1RGiIt30C1mSBT+ExCleeh4HObwgArnDFELmRrOpXgSYN9VF1hj+f1lw==",
      "dependencies": {
        "@types/sizzle": "*"
      }
    },
    "node_modules/@types/sizzle": {
      "version": "2.3.3",
      "resolved": "https://registry.npmjs.org/@types/sizzle/-/sizzle-2.3.3.tgz",
      "integrity": "sha512-JYM8x9EGF163bEyhdJBpR2QX1R5naCJHC8ucJylJ3w9/CVBaskdQ8WqBf8MmQrd1kRvp/a4TS8HJ+bxzR7ZJYQ=="
    },
    "node_modules/ace-builds": {
      "version": "1.23.4",
      "resolved": "https://registry.npmjs.org/ace-builds/-/ace-builds-1.23.4.tgz",
      "integrity": "sha512-a4hKAT2T7KNUQC4LQPW2peuoEsZmLYTn4Dwjkh26A3Z+fQ8/fA2JZNs3V6CqvivhbyMQXQJD1u/0qTCoSS6deA=="
    },
    "node_modules/bootstrap": {
      "version": "4.6.2",
      "resolved": "https://registry.npmjs.org/bootstrap/-/bootstrap-4.6.2.tgz",
      "integrity": "sha512-51Bbp/Uxr9aTuy6ca/8FbFloBUJZLHwnhTcnjIeRn2suQWsWzcuJhGjKDB5eppVte/8oCdOL3VuwxvZDUggwGQ==",
      "funding": [
        {
          "type": "github",
          "url": "https://github.com/sponsors/twbs"
        },
        {
          "type": "opencollective",
          "url": "https://opencollective.com/bootstrap"
        }
      ],
      "peerDependencies": {
        "jquery": "1.9.1 - 3",
        "popper.js": "^1.16.1"
      }
    },
    "node_modules/commander": {
      "version": "9.5.0",
      "resolved": "https://registry.npmjs.org/commander/-/commander-9.5.0.tgz",
      "integrity": "sha512-KRs7WVDKg86PWiuAqhDrAQnTXZKraVcCc6vFdL14qrZ/DcWwuRo7VoiYXalXO7S5GKpqYiVEwCbgFDfxNHKJBQ==",
      "peer": true,
      "engines": {
        "node": "^12.20.0 || >=14"
      }
    },
    "node_modules/core-js": {
      "version": "3.41.0",
      "resolved": "https://registry.npmjs.org/core-js/-/core-js-3.41.0.tgz",
      "integrity": "sha512-SJ4/EHwS36QMJd6h/Rg+GyR4A5xE0FSI3eZ+iBVpfqf1x0eTSg1smWLHrA+2jQThZSh97fmSgFSU8B61nxosxA==",
      "hasInstallScript": true,
      "peer": true,
      "funding": {
        "type": "opencollective",
        "url": "https://opencollective.com/core-js"
      }
    },
    "node_modules/core-util-is": {
      "version": "1.0.3",
      "resolved": "https://registry.npmjs.org/core-util-is/-/core-util-is-1.0.3.tgz",
      "integrity": "sha512-ZQBvi1DcpJ4GDqanjucZ2Hj3wEO5pZDS89BWbkcrvdxksJorwUDDZamX9ldFkp9aw2lmBDLgkObEA4DWNJ9FYQ==",
      "peer": true
    },
    "node_modules/devexpress-dashboard": {
      "version": "23.2.12",
      "resolved": "https://registry.npmjs.org/devexpress-dashboard/-/devexpress-dashboard-23.2.12.tgz",
      "integrity": "sha512-VT41trbFUrvKhW3C/dzuoFk4YQ2PaAY+jRr9BNzvXnePx4hpjEVFvLdfcl1+uyP3fItZFlhbQmuv1Gz4GXAF7w==",
      "dependencies": {
        "@types/jquery": "^3.1.1",
        "jquery": "^3.3.1",
        "knockout": "~3.5.0"
      },
      "peerDependencies": {
        "@devexpress/analytics-core": "23.2.12",
        "devexpress-richedit": "23.2.12",
        "devextreme": "23.2.12"
      }
    },
    "node_modules/devexpress-diagram": {
      "version": "2.2.13",
      "resolved": "https://registry.npmjs.org/devexpress-diagram/-/devexpress-diagram-2.2.13.tgz",
      "integrity": "sha512-OfAcfcFWJYlU/1kMtqrSSQUY3GQWKPHqU27A9e+TzFEhxI8XDyIPOCOnslRxnzYkfhB/RZ7hbGv9U0aHmtVbRg==",
      "peer": true,
      "dependencies": {
        "@devexpress/utils": "^1.4.3",
        "es6-object-assign": "^1.1.0"
      }
    },
    "node_modules/devexpress-diagram/node_modules/@devexpress/utils": {
      "version": "1.4.3",
      "resolved": "https://registry.npmjs.org/@devexpress/utils/-/utils-1.4.3.tgz",
      "integrity": "sha512-UmmIwVRGQ6u6itE/zJ1xNmMuugXo/t1fWBtjROb7mhq2nY4ecDBdnRIqogKWAasGbMbhCxW9+ijkgRaNBVCIzQ==",
      "peer": true,
      "dependencies": {
        "tslib": "2.3.1"
      }
    },
    "node_modules/devexpress-diagram/node_modules/tslib": {
      "version": "2.3.1",
      "resolved": "https://registry.npmjs.org/tslib/-/tslib-2.3.1.tgz",
      "integrity": "sha512-77EbyPPpMz+FRFRuAFlWMtmgUWGe9UOG2Z25NqCwiIjRhOf5iKGuzSe5P2w1laq+FkRy4p+PCuVkJSGkzTEKVw==",
      "peer": true
    },
    "node_modules/devexpress-gantt": {
      "version": "4.1.56",
      "resolved": "https://registry.npmjs.org/devexpress-gantt/-/devexpress-gantt-4.1.56.tgz",
      "integrity": "sha512-jnnvDYDDzjqr8pnWYsAM96mug6yXEQ1H26QLLBRbwLC72ckb1yv0Rk6DUae9ZwewIFNzIKHt1klQMF/KD9Mb8A==",
      "peer": true,
      "dependencies": {
        "@devexpress/utils": "^1.4.3",
        "tslib": "2.3.1"
      }
    },
    "node_modules/devexpress-gantt/node_modules/@devexpress/utils": {
      "version": "1.4.3",
      "resolved": "https://registry.npmjs.org/@devexpress/utils/-/utils-1.4.3.tgz",
      "integrity": "sha512-UmmIwVRGQ6u6itE/zJ1xNmMuugXo/t1fWBtjROb7mhq2nY4ecDBdnRIqogKWAasGbMbhCxW9+ijkgRaNBVCIzQ==",
      "peer": true,
      "dependencies": {
        "tslib": "2.3.1"
      }
    },
    "node_modules/devexpress-gantt/node_modules/tslib": {
      "version": "2.3.1",
      "resolved": "https://registry.npmjs.org/tslib/-/tslib-2.3.1.tgz",
      "integrity": "sha512-77EbyPPpMz+FRFRuAFlWMtmgUWGe9UOG2Z25NqCwiIjRhOf5iKGuzSe5P2w1laq+FkRy4p+PCuVkJSGkzTEKVw==",
      "peer": true
    },
    "node_modules/devexpress-reporting": {
      "version": "23.2.12",
      "resolved": "https://registry.npmjs.org/devexpress-reporting/-/devexpress-reporting-23.2.12.tgz",
      "integrity": "sha512-aoWwrraVuwGOKZ0qiQWjfijlKoiueS7VxUALYorQvhLTNAL/7g4iKuKeZZqXPt1HmdOhw1YRtF0bdznM9F1aqw==",
      "dependencies": {
        "ace-builds": "^1.4.13",
        "jquery": "^3.1.1",
        "knockout": "~3.5.0"
      },
      "peerDependencies": {
        "@devexpress/analytics-core": "23.2.12"
      }
    },
    "node_modules/devexpress-richedit": {
      "version": "23.2.12",
      "resolved": "https://registry.npmjs.org/devexpress-richedit/-/devexpress-richedit-23.2.12.tgz",
      "integrity": "sha512-sIf68E929TJ7pRB9xH7WAZfRj529KikZQoWwGB7HOVdKToahnK76wgX5J/c+U0G/RHHoF4dMhAvcQjwy3CdBFA==",
      "peer": true,
      "dependencies": {
        "@devexpress/utils": "1.4.1",
        "jszip": "~3.10.1",
        "tslib": "2.6.0"
      },
      "peerDependencies": {
        "devextreme": "23.2.12",
        "devextreme-dist": "23.2.12"
      }
    },
    "node_modules/devexpress-richedit/node_modules/tslib": {
      "version": "2.6.0",
      "resolved": "https://registry.npmjs.org/tslib/-/tslib-2.6.0.tgz",
      "integrity": "sha512-7At1WUettjcSRHXCyYtTselblcHl9PJFFVKiCAy/bY97+BPZXSQ2wbq0P9s8tK2G7dFQfNnlJnPAiArVBVBsfA==",
      "peer": true
    },
    "node_modules/devextreme": {
      "version": "23.2.12",
      "resolved": "https://registry.npmjs.org/devextreme/-/devextreme-23.2.12.tgz",
      "integrity": "sha512-PKHXfsFcwiXjWTkGt1nsCAMgisRXD1OwFEEaqLtdv9YHXNWeQskI1fiLZQ+q2THCpg+bd778mkCdxXRNP/C0ZA==",
      "peer": true,
      "dependencies": {
        "@babel/runtime": "^7.12.1",
        "@devextreme/runtime": "3.0.13",
        "devexpress-diagram": "2.2.13",
        "devexpress-gantt": "4.1.56",
        "devextreme-quill": "1.6.4",
        "inferno": "^7.4.9",
        "inferno-hydrate": "^7.4.9",
        "jszip": "^3.10.1",
        "rrule": "^2.7.1",
        "showdown": "^2.1.0",
        "turndown": "~7.1.0"
      },
      "bin": {
        "devextreme-bundler": "bin/bundler.js",
        "devextreme-bundler-init": "bin/bundler-init.js"
      }
    },
    "node_modules/devextreme-dist": {
      "version": "23.2.12",
      "resolved": "https://registry.npmjs.org/devextreme-dist/-/devextreme-dist-23.2.12.tgz",
      "integrity": "sha512-3MXcWkVfsluXBOp+ddmUjw0x0Xat0oaFhbHfnGCJZiBOfnRaY+Og8Jo6ktaL5ESAWpZkPjOehsMV3LE1j8KyIA=="
    },
    "node_modules/devextreme-quill": {
      "version": "1.6.4",
      "resolved": "https://registry.npmjs.org/devextreme-quill/-/devextreme-quill-1.6.4.tgz",
      "integrity": "sha512-qs8lt+nn/2vQX1PrImQmCj2B1c8ydD5Hrjn42wWeqa4sVFd/9e2UM+PL979EtKqX0k1M4ncMe25cSbgYz5nNdA==",
      "peer": true,
      "dependencies": {
        "core-js": "^3.34.0",
        "eventemitter3": "^4.0.7",
        "lodash.clonedeep": "^4.5.0",
        "lodash.isequal": "^4.5.0",
        "lodash.merge": "^4.6.2",
        "parchment": "^2.0.1",
        "quill-delta": "^5.0.0"
      }
    },
    "node_modules/domino": {
      "version": "2.1.6",
      "resolved": "https://registry.npmjs.org/domino/-/domino-2.1.6.tgz",
      "integrity": "sha512-3VdM/SXBZX2omc9JF9nOPCtDaYQ67BGp5CoLpIQlO2KCAPETs8TcDHacF26jXadGbvUteZzRTeos2fhID5+ucQ==",
      "peer": true
    },
    "node_modules/es6-object-assign": {
      "version": "1.1.0",
      "resolved": "https://registry.npmjs.org/es6-object-assign/-/es6-object-assign-1.1.0.tgz",
      "integrity": "sha512-MEl9uirslVwqQU369iHNWZXsI8yaZYGg/D65aOgZkeyFJwHYSxilf7rQzXKI7DdDuBPrBXbfk3sl9hJhmd5AUw==",
      "peer": true
    },
    "node_modules/eventemitter3": {
      "version": "4.0.7",
      "resolved": "https://registry.npmjs.org/eventemitter3/-/eventemitter3-4.0.7.tgz",
      "integrity": "sha512-8guHBZCwKnFhYdHr2ysuRWErTwhoN2X8XELRlrRwpmfeY2jjuUN4taQMsULKUVo1K4DvZl+0pgfyoysHxvmvEw==",
      "peer": true
    },
    "node_modules/fast-diff": {
      "version": "1.3.0",
      "resolved": "https://registry.npmjs.org/fast-diff/-/fast-diff-1.3.0.tgz",
      "integrity": "sha512-VxPP4NqbUjj6MaAOafWeUn2cXWLcCtljklUtZf0Ind4XQ+QPtmA0b18zZy0jIQx+ExRVCR/ZQpBmik5lXshNsw==",
      "peer": true
    },
    "node_modules/immediate": {
      "version": "3.0.6",
      "resolved": "https://registry.npmjs.org/immediate/-/immediate-3.0.6.tgz",
      "integrity": "sha512-XXOFtyqDjNDAQxVfYxuF7g9Il/IbWmmlQg2MYKOH8ExIT1qg6xc4zyS3HaEEATgs1btfzxq15ciUiY7gjSXRGQ==",
      "peer": true
    },
    "node_modules/inferno": {
      "version": "7.4.11",
      "resolved": "https://registry.npmjs.org/inferno/-/inferno-7.4.11.tgz",
      "integrity": "sha512-N+cs33ESWI8fdToCd98yMRYl7jkLnCkJskxov3FKKlaKOvk3PRlAttbhmUaYdWXlRvt2WeXi+J4MbzNj3V6G0w==",
      "hasInstallScript": true,
      "peer": true,
      "dependencies": {
        "inferno-shared": "7.4.11",
        "inferno-vnode-flags": "7.4.11",
        "opencollective-postinstall": "^2.0.3"
      }
    },
    "node_modules/inferno-create-element": {
      "version": "7.4.11",
      "resolved": "https://registry.npmjs.org/inferno-create-element/-/inferno-create-element-7.4.11.tgz",
      "integrity": "sha512-kE6XIx2hPAd5qpDli2iGjNXgubvuyxdLvoiW71WnSzIIxA+Uxa/s8lY8m03VyHHVypFV3n329ZY5dFvKc7UQMg==",
      "peer": true,
      "dependencies": {
        "inferno": "7.4.11"
      }
    },
    "node_modules/inferno-hydrate": {
      "version": "7.4.11",
      "resolved": "https://registry.npmjs.org/inferno-hydrate/-/inferno-hydrate-7.4.11.tgz",
      "integrity": "sha512-hF9Ke4GHAkj8GQrMXBZPfsUqhq6WjkoDCAfXhPBuF1Wiceqyy8KerOOXEnuocHky77fuEXq0AzVnQcC064Bkfw==",
      "peer": true,
      "dependencies": {
        "inferno": "7.4.11"
      }
    },
    "node_modules/inferno-shared": {
      "version": "7.4.11",
      "resolved": "https://registry.npmjs.org/inferno-shared/-/inferno-shared-7.4.11.tgz",
      "integrity": "sha512-pN725bDSTxkQmRS3e/3H02/xAqgHl+xgddCMjPm8M0etRdRcVCisi3NGPhzSbDDmiftrxhY31exs7+dwsngcDA==",
      "peer": true
    },
    "node_modules/inferno-vnode-flags": {
      "version": "7.4.11",
      "resolved": "https://registry.npmjs.org/inferno-vnode-flags/-/inferno-vnode-flags-7.4.11.tgz",
      "integrity": "sha512-L7lslEQCq3IfwgT/b9zhuMf8fv6KXCNXXHZevk/WYxnqJsOWGDcKpJn0zkzXfvmj0otbB149iLUQVBq3oe2sfA==",
      "peer": true
    },
    "node_modules/inherits": {
      "version": "2.0.4",
      "resolved": "https://registry.npmjs.org/inherits/-/inherits-2.0.4.tgz",
      "integrity": "sha512-k/vGaX4/Yla3WzyMCvTQOXYeIHvqOKtnqBduzTHpzpQZzAskKMhZ2K+EnBiSM9zGSoIFeMpXKxa4dYeZIQqewQ==",
      "peer": true
    },
    "node_modules/isarray": {
      "version": "1.0.0",
      "resolved": "https://registry.npmjs.org/isarray/-/isarray-1.0.0.tgz",
      "integrity": "sha512-VLghIWNM6ELQzo7zwmcg0NmTVyWKYjvIeM83yjp0wRDTmUnrM678fQbcKBo6n2CJEF0szoG//ytg+TKla89ALQ==",
      "peer": true
    },
    "node_modules/jquery": {
      "version": "3.7.0",
      "resolved": "https://registry.npmjs.org/jquery/-/jquery-3.7.0.tgz",
      "integrity": "sha512-umpJ0/k8X0MvD1ds0P9SfowREz2LenHsQaxSohMZ5OMNEU2r0tf8pdeEFTHMFxWVxKNyU9rTtK3CWzUCTKJUeQ=="
    },
    "node_modules/jszip": {
      "version": "3.10.1",
      "resolved": "https://registry.npmjs.org/jszip/-/jszip-3.10.1.tgz",
      "integrity": "sha512-xXDvecyTpGLrqFrvkrUSoxxfJI5AH7U8zxxtVclpsUtMCq4JQ290LY8AW5c7Ggnr/Y/oK+bQMbqK2qmtk3pN4g==",
      "peer": true,
      "dependencies": {
        "lie": "~3.3.0",
        "pako": "~1.0.2",
        "readable-stream": "~2.3.6",
        "setimmediate": "^1.0.5"
      }
    },
    "node_modules/knockout": {
      "version": "3.5.1",
      "resolved": "https://registry.npmjs.org/knockout/-/knockout-3.5.1.tgz",
      "integrity": "sha512-wRJ9I4az0QcsH7A4v4l0enUpkS++MBx0BnL/68KaLzJg7x1qmbjSlwEoCNol7KTYZ+pmtI7Eh2J0Nu6/2Z5J/Q=="
    },
    "node_modules/lie": {
      "version": "3.3.0",
      "resolved": "https://registry.npmjs.org/lie/-/lie-3.3.0.tgz",
      "integrity": "sha512-UaiMJzeWRlEujzAuw5LokY1L5ecNQYZKfmyZ9L7wDHb/p5etKaxXhohBcrw0EYby+G/NA52vRSN4N39dxHAIwQ==",
      "peer": true,
      "dependencies": {
        "immediate": "~3.0.5"
      }
    },
    "node_modules/lodash.clonedeep": {
      "version": "4.5.0",
      "resolved": "https://registry.npmjs.org/lodash.clonedeep/-/lodash.clonedeep-4.5.0.tgz",
      "integrity": "sha512-H5ZhCF25riFd9uB5UCkVKo61m3S/xZk1x4wA6yp/L3RFP6Z/eHH1ymQcGLo7J3GMPfm0V/7m1tryHuGVxpqEBQ==",
      "peer": true
    },
    "node_modules/lodash.isequal": {
      "version": "4.5.0",
      "resolved": "https://registry.npmjs.org/lodash.isequal/-/lodash.isequal-4.5.0.tgz",
      "integrity": "sha512-pDo3lu8Jhfjqls6GkMgpahsF9kCyayhgykjyLMNFTKWrpVdAQtYyB4muAMWozBB4ig/dtWAmsMxLEI8wuz+DYQ==",
      "deprecated": "This package is deprecated. Use require('node:util').isDeepStrictEqual instead.",
      "peer": true
    },
    "node_modules/lodash.merge": {
      "version": "4.6.2",
      "resolved": "https://registry.npmjs.org/lodash.merge/-/lodash.merge-4.6.2.tgz",
      "integrity": "sha512-0KpjqXRVvrYyCsX1swR/XTK0va6VQkQM6MNo7PqW77ByjAhoARA8EfrP1N4+KlKj8YS0ZUCtRT/YUuhyYDujIQ==",
      "peer": true
    },
    "node_modules/opencollective-postinstall": {
      "version": "2.0.3",
      "resolved": "https://registry.npmjs.org/opencollective-postinstall/-/opencollective-postinstall-2.0.3.tgz",
      "integrity": "sha512-8AV/sCtuzUeTo8gQK5qDZzARrulB3egtLzFgteqB2tcT4Mw7B8Kt7JcDHmltjz6FOAHsvTevk70gZEbhM4ZS9Q==",
      "peer": true,
      "bin": {
        "opencollective-postinstall": "index.js"
      }
    },
    "node_modules/pako": {
      "version": "1.0.11",
      "resolved": "https://registry.npmjs.org/pako/-/pako-1.0.11.tgz",
      "integrity": "sha512-4hLB8Py4zZce5s4yd9XzopqwVv/yGNhV1Bl8NTmCq1763HeK2+EwVTv+leGeL13Dnh2wfbqowVPXCIO0z4taYw==",
      "peer": true
    },
    "node_modules/parchment": {
      "version": "2.0.1",
      "resolved": "https://registry.npmjs.org/parchment/-/parchment-2.0.1.tgz",
      "integrity": "sha512-VBKrlEoZCBD+iwoeag0QTtY1Cti+Ma4nLpVYcc/uus/wHhMsPOi5InH3RL1s4aekahPZpabcS2ToKyGf7RMH/g==",
      "peer": true
    },
    "node_modules/popper.js": {
      "version": "1.16.1",
      "resolved": "https://registry.npmjs.org/popper.js/-/popper.js-1.16.1.tgz",
      "integrity": "sha512-Wb4p1J4zyFTbM+u6WuO4XstYx4Ky9Cewe4DWrel7B0w6VVICvPwdOpotjzcf6eD8TsckVnIMNONQyPIUFOUbCQ==",
      "deprecated": "You can find the new Popper v2 at @popperjs/core, this package is dedicated to the legacy v1",
      "peer": true,
      "funding": {
        "type": "opencollective",
        "url": "https://opencollective.com/popperjs"
      }
    },
    "node_modules/process-nextick-args": {
      "version": "2.0.1",
      "resolved": "https://registry.npmjs.org/process-nextick-args/-/process-nextick-args-2.0.1.tgz",
      "integrity": "sha512-3ouUOpQhtgrbOa17J7+uxOTpITYWaGP7/AhoR3+A+/1e9skrzelGi/dXzEYyvbxubEF6Wn2ypscTKiKJFFn1ag==",
      "peer": true
    },
    "node_modules/quill-delta": {
      "version": "5.1.0",
      "resolved": "https://registry.npmjs.org/quill-delta/-/quill-delta-5.1.0.tgz",
      "integrity": "sha512-X74oCeRI4/p0ucjb5Ma8adTXd9Scumz367kkMK5V/IatcX6A0vlgLgKbzXWy5nZmCGeNJm2oQX0d2Eqj+ZIlCA==",
      "peer": true,
      "dependencies": {
        "fast-diff": "^1.3.0",
        "lodash.clonedeep": "^4.5.0",
        "lodash.isequal": "^4.5.0"
      },
      "engines": {
        "node": ">= 12.0.0"
      }
    },
    "node_modules/readable-stream": {
      "version": "2.3.8",
      "resolved": "https://registry.npmjs.org/readable-stream/-/readable-stream-2.3.8.tgz",
      "integrity": "sha512-8p0AUk4XODgIewSi0l8Epjs+EVnWiK7NoDIEGU0HhE7+ZyY8D1IMY7odu5lRrFXGg71L15KG8QrPmum45RTtdA==",
      "peer": true,
      "dependencies": {
        "core-util-is": "~1.0.0",
        "inherits": "~2.0.3",
        "isarray": "~1.0.0",
        "process-nextick-args": "~2.0.0",
        "safe-buffer": "~5.1.1",
        "string_decoder": "~1.1.1",
        "util-deprecate": "~1.0.1"
      }
    },
    "node_modules/regenerator-runtime": {
      "version": "0.13.11",
      "resolved": "https://registry.npmjs.org/regenerator-runtime/-/regenerator-runtime-0.13.11.tgz",
      "integrity": "sha512-kY1AZVr2Ra+t+piVaJ4gxaFaReZVH40AKNo7UCX6W+dEwBo/2oZJzqfuN1qLq1oL45o56cPaTXELwrTh8Fpggg==",
      "peer": true
    },
    "node_modules/rrule": {
      "version": "2.7.2",
      "resolved": "https://registry.npmjs.org/rrule/-/rrule-2.7.2.tgz",
      "integrity": "sha512-NkBsEEB6FIZOZ3T8frvEBOB243dm46SPufpDckY/Ap/YH24V1zLeMmDY8OA10lk452NdrF621+ynDThE7FQU2A==",
      "peer": true,
      "dependencies": {
        "tslib": "^2.4.0"
      }
    },
    "node_modules/safe-buffer": {
      "version": "5.1.2",
      "resolved": "https://registry.npmjs.org/safe-buffer/-/safe-buffer-5.1.2.tgz",
      "integrity": "sha512-Gd2UZBJDkXlY7GbJxfsE8/nvKkUEU1G38c1siN6QP6a9PT9MmHB8GnpscSmMJSoF8LOIrt8ud/wPtojys4G6+g==",
      "peer": true
    },
    "node_modules/setimmediate": {
      "version": "1.0.5",
      "resolved": "https://registry.npmjs.org/setimmediate/-/setimmediate-1.0.5.tgz",
      "integrity": "sha512-MATJdZp8sLqDl/68LfQmbP8zKPLQNV6BIZoIgrscFDQ+RsvK/BxeDQOgyxKKoh0y/8h3BqVFnCqQ/gd+reiIXA==",
      "peer": true
    },
    "node_modules/showdown": {
      "version": "2.1.0",
      "resolved": "https://registry.npmjs.org/showdown/-/showdown-2.1.0.tgz",
      "integrity": "sha512-/6NVYu4U819R2pUIk79n67SYgJHWCce0a5xTP979WbNp0FL9MN1I1QK662IDU1b6JzKTvmhgI7T7JYIxBi3kMQ==",
      "peer": true,
      "dependencies": {
        "commander": "^9.0.0"
      },
      "bin": {
        "showdown": "bin/showdown.js"
      },
      "funding": {
        "type": "individual",
        "url": "https://www.paypal.me/tiviesantos"
      }
    },
    "node_modules/string_decoder": {
      "version": "1.1.1",
      "resolved": "https://registry.npmjs.org/string_decoder/-/string_decoder-1.1.1.tgz",
      "integrity": "sha512-n/ShnvDi6FHbbVfviro+WojiFzv+s8MPMHBczVePfUpDJLwoLT0ht1l4YwBCbi8pJAveEEdnkHyPyTP/mzRfwg==",
      "peer": true,
      "dependencies": {
        "safe-buffer": "~5.1.0"
      }
    },
    "node_modules/tslib": {
      "version": "2.5.0",
      "resolved": "https://registry.npmjs.org/tslib/-/tslib-2.5.0.tgz",
      "integrity": "sha512-336iVw3rtn2BUK7ORdIAHTyxHGRIHVReokCR3XjbckJMK7ms8FysBfhLR8IXnAgy7T0PTPNBWKiH514FOW/WSg==",
      "peer": true
    },
    "node_modules/turndown": {
      "version": "7.1.2",
      "resolved": "https://registry.npmjs.org/turndown/-/turndown-7.1.2.tgz",
      "integrity": "sha512-ntI9R7fcUKjqBP6QU8rBK2Ehyt8LAzt3UBT9JR9tgo6GtuKvyUzpayWmeMKJw1DPdXzktvtIT8m2mVXz+bL/Qg==",
      "peer": true,
      "dependencies": {
        "domino": "^2.1.6"
      }
    },
    "node_modules/util-deprecate": {
      "version": "1.0.2",
      "resolved": "https://registry.npmjs.org/util-deprecate/-/util-deprecate-1.0.2.tgz",
      "integrity": "sha512-EPD5q1uXyFxJpCrLnCc1nHnq3gOa6DZBocAIiI2TaSCA7VCJ1UJDMagCzIkXNsUYfD1daK//LTEQ8xiIbrHtcw==",
      "peer": true
    }
  },
  "dependencies": {
    "@babel/runtime": {
      "version": "7.22.6",
      "resolved": "https://registry.npmjs.org/@babel/runtime/-/runtime-7.22.6.tgz",
      "integrity": "sha512-wDb5pWm4WDdF6LFUde3Jl8WzPA+3ZbxYqkC6xAXuD3irdEHN1k0NfTRrJD8ZD378SJ61miMLCqIOXYhd8x+AJQ==",
      "peer": true,
      "requires": {
        "regenerator-runtime": "^0.13.11"
      }
    },
    "@devexpress/analytics-core": {
      "version": "23.2.12",
      "resolved": "https://registry.npmjs.org/@devexpress/analytics-core/-/analytics-core-23.2.12.tgz",
      "integrity": "sha512-4s6hdRhvOOVfJPgpgDUCQFmFWhYdW9WG1bE8IAy7IgmG50wfg8JuMOHhVo42B8q0A3r9fnACmTQT2QrWBulj3g==",
      "requires": {
        "@types/jquery": "^3.1.1",
        "ace-builds": "^1.4.13",
        "jquery": "^3.1.1",
        "knockout": "~3.5.0"
      }
    },
    "@devexpress/utils": {
      "version": "1.4.1",
      "resolved": "https://registry.npmjs.org/@devexpress/utils/-/utils-1.4.1.tgz",
      "integrity": "sha512-wXixOorFlYsUiLOjAxb9UnTtvMXxYdsEmApKrbDmRk9M76V8evOQR2ChUzNtfPloy7fZecL8UWq/sF+3ZCPzQQ==",
      "peer": true,
      "requires": {
        "tslib": "2.3.1"
      },
      "dependencies": {
        "tslib": {
          "version": "2.3.1",
          "resolved": "https://registry.npmjs.org/tslib/-/tslib-2.3.1.tgz",
          "integrity": "sha512-77EbyPPpMz+FRFRuAFlWMtmgUWGe9UOG2Z25NqCwiIjRhOf5iKGuzSe5P2w1laq+FkRy4p+PCuVkJSGkzTEKVw==",
          "peer": true
        }
      }
    },
    "@devextreme/runtime": {
      "version": "3.0.13",
      "resolved": "https://registry.npmjs.org/@devextreme/runtime/-/runtime-3.0.13.tgz",
      "integrity": "sha512-//24I6vo5a+XG/Ul3+vOGqU4M22IWyldpECxLY8iyGJWA5fiNaYzAedrMV2Ixo5oRj8DawiHTZKy5iKKF9ks5g==",
      "peer": true,
      "requires": {
        "inferno": "^7.4.6",
        "inferno-create-element": "^7.4.6",
        "inferno-hydrate": "^7.4.6"
      }
    },
    "@types/jquery": {
      "version": "3.5.16",
      "resolved": "https://registry.npmjs.org/@types/jquery/-/jquery-3.5.16.tgz",
      "integrity": "sha512-bsI7y4ZgeMkmpG9OM710RRzDFp+w4P1RGiIt30C1mSBT+ExCleeh4HObwgArnDFELmRrOpXgSYN9VF1hj+f1lw==",
      "requires": {
        "@types/sizzle": "*"
      }
    },
    "@types/sizzle": {
      "version": "2.3.3",
      "resolved": "https://registry.npmjs.org/@types/sizzle/-/sizzle-2.3.3.tgz",
      "integrity": "sha512-JYM8x9EGF163bEyhdJBpR2QX1R5naCJHC8ucJylJ3w9/CVBaskdQ8WqBf8MmQrd1kRvp/a4TS8HJ+bxzR7ZJYQ=="
    },
    "ace-builds": {
      "version": "1.23.4",
      "resolved": "https://registry.npmjs.org/ace-builds/-/ace-builds-1.23.4.tgz",
      "integrity": "sha512-a4hKAT2T7KNUQC4LQPW2peuoEsZmLYTn4Dwjkh26A3Z+fQ8/fA2JZNs3V6CqvivhbyMQXQJD1u/0qTCoSS6deA=="
    },
    "bootstrap": {
      "version": "4.6.2",
      "resolved": "https://registry.npmjs.org/bootstrap/-/bootstrap-4.6.2.tgz",
      "integrity": "sha512-51Bbp/Uxr9aTuy6ca/8FbFloBUJZLHwnhTcnjIeRn2suQWsWzcuJhGjKDB5eppVte/8oCdOL3VuwxvZDUggwGQ==",
      "requires": {}
    },
    "commander": {
      "version": "9.5.0",
      "resolved": "https://registry.npmjs.org/commander/-/commander-9.5.0.tgz",
      "integrity": "sha512-KRs7WVDKg86PWiuAqhDrAQnTXZKraVcCc6vFdL14qrZ/DcWwuRo7VoiYXalXO7S5GKpqYiVEwCbgFDfxNHKJBQ==",
      "peer": true
    },
    "core-js": {
      "version": "3.41.0",
      "resolved": "https://registry.npmjs.org/core-js/-/core-js-3.41.0.tgz",
      "integrity": "sha512-SJ4/EHwS36QMJd6h/Rg+GyR4A5xE0FSI3eZ+iBVpfqf1x0eTSg1smWLHrA+2jQThZSh97fmSgFSU8B61nxosxA==",
      "peer": true
    },
    "core-util-is": {
      "version": "1.0.3",
      "resolved": "https://registry.npmjs.org/core-util-is/-/core-util-is-1.0.3.tgz",
      "integrity": "sha512-ZQBvi1DcpJ4GDqanjucZ2Hj3wEO5pZDS89BWbkcrvdxksJorwUDDZamX9ldFkp9aw2lmBDLgkObEA4DWNJ9FYQ==",
      "peer": true
    },
    "devexpress-dashboard": {
      "version": "23.2.12",
      "resolved": "https://registry.npmjs.org/devexpress-dashboard/-/devexpress-dashboard-23.2.12.tgz",
      "integrity": "sha512-VT41trbFUrvKhW3C/dzuoFk4YQ2PaAY+jRr9BNzvXnePx4hpjEVFvLdfcl1+uyP3fItZFlhbQmuv1Gz4GXAF7w==",
      "requires": {
        "@types/jquery": "^3.1.1",
        "jquery": "^3.3.1",
        "knockout": "~3.5.0"
      }
    },
    "devexpress-diagram": {
      "version": "2.2.13",
      "resolved": "https://registry.npmjs.org/devexpress-diagram/-/devexpress-diagram-2.2.13.tgz",
      "integrity": "sha512-OfAcfcFWJYlU/1kMtqrSSQUY3GQWKPHqU27A9e+TzFEhxI8XDyIPOCOnslRxnzYkfhB/RZ7hbGv9U0aHmtVbRg==",
      "peer": true,
      "requires": {
        "@devexpress/utils": "^1.4.3",
        "es6-object-assign": "^1.1.0"
      },
      "dependencies": {
        "@devexpress/utils": {
          "version": "1.4.3",
          "resolved": "https://registry.npmjs.org/@devexpress/utils/-/utils-1.4.3.tgz",
          "integrity": "sha512-UmmIwVRGQ6u6itE/zJ1xNmMuugXo/t1fWBtjROb7mhq2nY4ecDBdnRIqogKWAasGbMbhCxW9+ijkgRaNBVCIzQ==",
          "peer": true,
          "requires": {
            "tslib": "2.3.1"
          }
        },
        "tslib": {
          "version": "2.3.1",
          "resolved": "https://registry.npmjs.org/tslib/-/tslib-2.3.1.tgz",
          "integrity": "sha512-77EbyPPpMz+FRFRuAFlWMtmgUWGe9UOG2Z25NqCwiIjRhOf5iKGuzSe5P2w1laq+FkRy4p+PCuVkJSGkzTEKVw==",
          "peer": true
        }
      }
    },
    "devexpress-gantt": {
      "version": "4.1.56",
      "resolved": "https://registry.npmjs.org/devexpress-gantt/-/devexpress-gantt-4.1.56.tgz",
      "integrity": "sha512-jnnvDYDDzjqr8pnWYsAM96mug6yXEQ1H26QLLBRbwLC72ckb1yv0Rk6DUae9ZwewIFNzIKHt1klQMF/KD9Mb8A==",
      "peer": true,
      "requires": {
        "@devexpress/utils": "^1.4.3",
        "tslib": "2.3.1"
      },
      "dependencies": {
        "@devexpress/utils": {
          "version": "1.4.3",
          "resolved": "https://registry.npmjs.org/@devexpress/utils/-/utils-1.4.3.tgz",
          "integrity": "sha512-UmmIwVRGQ6u6itE/zJ1xNmMuugXo/t1fWBtjROb7mhq2nY4ecDBdnRIqogKWAasGbMbhCxW9+ijkgRaNBVCIzQ==",
          "peer": true,
          "requires": {
            "tslib": "2.3.1"
          }
        },
        "tslib": {
          "version": "2.3.1",
          "resolved": "https://registry.npmjs.org/tslib/-/tslib-2.3.1.tgz",
          "integrity": "sha512-77EbyPPpMz+FRFRuAFlWMtmgUWGe9UOG2Z25NqCwiIjRhOf5iKGuzSe5P2w1laq+FkRy4p+PCuVkJSGkzTEKVw==",
          "peer": true
        }
      }
    },
    "devexpress-reporting": {
      "version": "23.2.12",
      "resolved": "https://registry.npmjs.org/devexpress-reporting/-/devexpress-reporting-23.2.12.tgz",
      "integrity": "sha512-aoWwrraVuwGOKZ0qiQWjfijlKoiueS7VxUALYorQvhLTNAL/7g4iKuKeZZqXPt1HmdOhw1YRtF0bdznM9F1aqw==",
      "requires": {
        "ace-builds": "^1.4.13",
        "jquery": "^3.1.1",
        "knockout": "~3.5.0"
      }
    },
    "devexpress-richedit": {
      "version": "23.2.12",
      "resolved": "https://registry.npmjs.org/devexpress-richedit/-/devexpress-richedit-23.2.12.tgz",
      "integrity": "sha512-sIf68E929TJ7pRB9xH7WAZfRj529KikZQoWwGB7HOVdKToahnK76wgX5J/c+U0G/RHHoF4dMhAvcQjwy3CdBFA==",
      "peer": true,
      "requires": {
        "@devexpress/utils": "1.4.1",
        "jszip": "~3.10.1",
        "tslib": "2.6.0"
      },
      "dependencies": {
        "tslib": {
          "version": "2.6.0",
          "resolved": "https://registry.npmjs.org/tslib/-/tslib-2.6.0.tgz",
          "integrity": "sha512-7At1WUettjcSRHXCyYtTselblcHl9PJFFVKiCAy/bY97+BPZXSQ2wbq0P9s8tK2G7dFQfNnlJnPAiArVBVBsfA==",
          "peer": true
        }
      }
    },
    "devextreme": {
      "version": "23.2.12",
      "resolved": "https://registry.npmjs.org/devextreme/-/devextreme-23.2.12.tgz",
      "integrity": "sha512-PKHXfsFcwiXjWTkGt1nsCAMgisRXD1OwFEEaqLtdv9YHXNWeQskI1fiLZQ+q2THCpg+bd778mkCdxXRNP/C0ZA==",
      "peer": true,
      "requires": {
        "@babel/runtime": "^7.12.1",
        "@devextreme/runtime": "3.0.13",
        "devexpress-diagram": "2.2.13",
        "devexpress-gantt": "4.1.56",
        "devextreme-quill": "1.6.4",
        "inferno": "^7.4.9",
        "inferno-hydrate": "^7.4.9",
        "jszip": "^3.10.1",
        "rrule": "^2.7.1",
        "showdown": "^2.1.0",
        "turndown": "~7.1.0"
      }
    },
    "devextreme-dist": {
      "version": "23.2.12",
      "resolved": "https://registry.npmjs.org/devextreme-dist/-/devextreme-dist-23.2.12.tgz",
      "integrity": "sha512-3MXcWkVfsluXBOp+ddmUjw0x0Xat0oaFhbHfnGCJZiBOfnRaY+Og8Jo6ktaL5ESAWpZkPjOehsMV3LE1j8KyIA=="
    },
    "devextreme-quill": {
      "version": "1.6.4",
      "resolved": "https://registry.npmjs.org/devextreme-quill/-/devextreme-quill-1.6.4.tgz",
      "integrity": "sha512-qs8lt+nn/2vQX1PrImQmCj2B1c8ydD5Hrjn42wWeqa4sVFd/9e2UM+PL979EtKqX0k1M4ncMe25cSbgYz5nNdA==",
      "peer": true,
      "requires": {
        "core-js": "^3.34.0",
        "eventemitter3": "^4.0.7",
        "lodash.clonedeep": "^4.5.0",
        "lodash.isequal": "^4.5.0",
        "lodash.merge": "^4.6.2",
        "parchment": "^2.0.1",
        "quill-delta": "^5.0.0"
      }
    },
    "domino": {
      "version": "2.1.6",
      "resolved": "https://registry.npmjs.org/domino/-/domino-2.1.6.tgz",
      "integrity": "sha512-3VdM/SXBZX2omc9JF9nOPCtDaYQ67BGp5CoLpIQlO2KCAPETs8TcDHacF26jXadGbvUteZzRTeos2fhID5+ucQ==",
      "peer": true
    },
    "es6-object-assign": {
      "version": "1.1.0",
      "resolved": "https://registry.npmjs.org/es6-object-assign/-/es6-object-assign-1.1.0.tgz",
      "integrity": "sha512-MEl9uirslVwqQU369iHNWZXsI8yaZYGg/D65aOgZkeyFJwHYSxilf7rQzXKI7DdDuBPrBXbfk3sl9hJhmd5AUw==",
      "peer": true
    },
    "eventemitter3": {
      "version": "4.0.7",
      "resolved": "https://registry.npmjs.org/eventemitter3/-/eventemitter3-4.0.7.tgz",
      "integrity": "sha512-8guHBZCwKnFhYdHr2ysuRWErTwhoN2X8XELRlrRwpmfeY2jjuUN4taQMsULKUVo1K4DvZl+0pgfyoysHxvmvEw==",
      "peer": true
    },
    "fast-diff": {
      "version": "1.3.0",
      "resolved": "https://registry.npmjs.org/fast-diff/-/fast-diff-1.3.0.tgz",
      "integrity": "sha512-VxPP4NqbUjj6MaAOafWeUn2cXWLcCtljklUtZf0Ind4XQ+QPtmA0b18zZy0jIQx+ExRVCR/ZQpBmik5lXshNsw==",
      "peer": true
    },
    "immediate": {
      "version": "3.0.6",
      "resolved": "https://registry.npmjs.org/immediate/-/immediate-3.0.6.tgz",
      "integrity": "sha512-XXOFtyqDjNDAQxVfYxuF7g9Il/IbWmmlQg2MYKOH8ExIT1qg6xc4zyS3HaEEATgs1btfzxq15ciUiY7gjSXRGQ==",
      "peer": true
    },
    "inferno": {
      "version": "7.4.11",
      "resolved": "https://registry.npmjs.org/inferno/-/inferno-7.4.11.tgz",
      "integrity": "sha512-N+cs33ESWI8fdToCd98yMRYl7jkLnCkJskxov3FKKlaKOvk3PRlAttbhmUaYdWXlRvt2WeXi+J4MbzNj3V6G0w==",
      "peer": true,
      "requires": {
        "inferno-shared": "7.4.11",
        "inferno-vnode-flags": "7.4.11",
        "opencollective-postinstall": "^2.0.3"
      }
    },
    "inferno-create-element": {
      "version": "7.4.11",
      "resolved": "https://registry.npmjs.org/inferno-create-element/-/inferno-create-element-7.4.11.tgz",
      "integrity": "sha512-kE6XIx2hPAd5qpDli2iGjNXgubvuyxdLvoiW71WnSzIIxA+Uxa/s8lY8m03VyHHVypFV3n329ZY5dFvKc7UQMg==",
      "peer": true,
      "requires": {
        "inferno": "7.4.11"
      }
    },
    "inferno-hydrate": {
      "version": "7.4.11",
      "resolved": "https://registry.npmjs.org/inferno-hydrate/-/inferno-hydrate-7.4.11.tgz",
      "integrity": "sha512-hF9Ke4GHAkj8GQrMXBZPfsUqhq6WjkoDCAfXhPBuF1Wiceqyy8KerOOXEnuocHky77fuEXq0AzVnQcC064Bkfw==",
      "peer": true,
      "requires": {
        "inferno": "7.4.11"
      }
    },
    "inferno-shared": {
      "version": "7.4.11",
      "resolved": "https://registry.npmjs.org/inferno-shared/-/inferno-shared-7.4.11.tgz",
      "integrity": "sha512-pN725bDSTxkQmRS3e/3H02/xAqgHl+xgddCMjPm8M0etRdRcVCisi3NGPhzSbDDmiftrxhY31exs7+dwsngcDA==",
      "peer": true
    },
    "inferno-vnode-flags": {
      "version": "7.4.11",
      "resolved": "https://registry.npmjs.org/inferno-vnode-flags/-/inferno-vnode-flags-7.4.11.tgz",
      "integrity": "sha512-L7lslEQCq3IfwgT/b9zhuMf8fv6KXCNXXHZevk/WYxnqJsOWGDcKpJn0zkzXfvmj0otbB149iLUQVBq3oe2sfA==",
      "peer": true
    },
    "inherits": {
      "version": "2.0.4",
      "resolved": "https://registry.npmjs.org/inherits/-/inherits-2.0.4.tgz",
      "integrity": "sha512-k/vGaX4/Yla3WzyMCvTQOXYeIHvqOKtnqBduzTHpzpQZzAskKMhZ2K+EnBiSM9zGSoIFeMpXKxa4dYeZIQqewQ==",
      "peer": true
    },
    "isarray": {
      "version": "1.0.0",
      "resolved": "https://registry.npmjs.org/isarray/-/isarray-1.0.0.tgz",
      "integrity": "sha512-VLghIWNM6ELQzo7zwmcg0NmTVyWKYjvIeM83yjp0wRDTmUnrM678fQbcKBo6n2CJEF0szoG//ytg+TKla89ALQ==",
      "peer": true
    },
    "jquery": {
      "version": "3.7.0",
      "resolved": "https://registry.npmjs.org/jquery/-/jquery-3.7.0.tgz",
      "integrity": "sha512-umpJ0/k8X0MvD1ds0P9SfowREz2LenHsQaxSohMZ5OMNEU2r0tf8pdeEFTHMFxWVxKNyU9rTtK3CWzUCTKJUeQ=="
    },
    "jszip": {
      "version": "3.10.1",
      "resolved": "https://registry.npmjs.org/jszip/-/jszip-3.10.1.tgz",
      "integrity": "sha512-xXDvecyTpGLrqFrvkrUSoxxfJI5AH7U8zxxtVclpsUtMCq4JQ290LY8AW5c7Ggnr/Y/oK+bQMbqK2qmtk3pN4g==",
      "peer": true,
      "requires": {
        "lie": "~3.3.0",
        "pako": "~1.0.2",
        "readable-stream": "~2.3.6",
        "setimmediate": "^1.0.5"
      }
    },
    "knockout": {
      "version": "3.5.1",
      "resolved": "https://registry.npmjs.org/knockout/-/knockout-3.5.1.tgz",
      "integrity": "sha512-wRJ9I4az0QcsH7A4v4l0enUpkS++MBx0BnL/68KaLzJg7x1qmbjSlwEoCNol7KTYZ+pmtI7Eh2J0Nu6/2Z5J/Q=="
    },
    "lie": {
      "version": "3.3.0",
      "resolved": "https://registry.npmjs.org/lie/-/lie-3.3.0.tgz",
      "integrity": "sha512-UaiMJzeWRlEujzAuw5LokY1L5ecNQYZKfmyZ9L7wDHb/p5etKaxXhohBcrw0EYby+G/NA52vRSN4N39dxHAIwQ==",
      "peer": true,
      "requires": {
        "immediate": "~3.0.5"
      }
    },
    "lodash.clonedeep": {
      "version": "4.5.0",
      "resolved": "https://registry.npmjs.org/lodash.clonedeep/-/lodash.clonedeep-4.5.0.tgz",
      "integrity": "sha512-H5ZhCF25riFd9uB5UCkVKo61m3S/xZk1x4wA6yp/L3RFP6Z/eHH1ymQcGLo7J3GMPfm0V/7m1tryHuGVxpqEBQ==",
      "peer": true
    },
    "lodash.isequal": {
      "version": "4.5.0",
      "resolved": "https://registry.npmjs.org/lodash.isequal/-/lodash.isequal-4.5.0.tgz",
      "integrity": "sha512-pDo3lu8Jhfjqls6GkMgpahsF9kCyayhgykjyLMNFTKWrpVdAQtYyB4muAMWozBB4ig/dtWAmsMxLEI8wuz+DYQ==",
      "peer": true
    },
    "lodash.merge": {
      "version": "4.6.2",
      "resolved": "https://registry.npmjs.org/lodash.merge/-/lodash.merge-4.6.2.tgz",
      "integrity": "sha512-0KpjqXRVvrYyCsX1swR/XTK0va6VQkQM6MNo7PqW77ByjAhoARA8EfrP1N4+KlKj8YS0ZUCtRT/YUuhyYDujIQ==",
      "peer": true
    },
    "opencollective-postinstall": {
      "version": "2.0.3",
      "resolved": "https://registry.npmjs.org/opencollective-postinstall/-/opencollective-postinstall-2.0.3.tgz",
      "integrity": "sha512-8AV/sCtuzUeTo8gQK5qDZzARrulB3egtLzFgteqB2tcT4Mw7B8Kt7JcDHmltjz6FOAHsvTevk70gZEbhM4ZS9Q==",
      "peer": true
    },
    "pako": {
      "version": "1.0.11",
      "resolved": "https://registry.npmjs.org/pako/-/pako-1.0.11.tgz",
      "integrity": "sha512-4hLB8Py4zZce5s4yd9XzopqwVv/yGNhV1Bl8NTmCq1763HeK2+EwVTv+leGeL13Dnh2wfbqowVPXCIO0z4taYw==",
      "peer": true
    },
    "parchment": {
      "version": "2.0.1",
      "resolved": "https://registry.npmjs.org/parchment/-/parchment-2.0.1.tgz",
      "integrity": "sha512-VBKrlEoZCBD+iwoeag0QTtY1Cti+Ma4nLpVYcc/uus/wHhMsPOi5InH3RL1s4aekahPZpabcS2ToKyGf7RMH/g==",
      "peer": true
    },
    "popper.js": {
      "version": "1.16.1",
      "resolved": "https://registry.npmjs.org/popper.js/-/popper.js-1.16.1.tgz",
      "integrity": "sha512-Wb4p1J4zyFTbM+u6WuO4XstYx4Ky9Cewe4DWrel7B0w6VVICvPwdOpotjzcf6eD8TsckVnIMNONQyPIUFOUbCQ==",
      "peer": true
    },
    "process-nextick-args": {
      "version": "2.0.1",
      "resolved": "https://registry.npmjs.org/process-nextick-args/-/process-nextick-args-2.0.1.tgz",
      "integrity": "sha512-3ouUOpQhtgrbOa17J7+uxOTpITYWaGP7/AhoR3+A+/1e9skrzelGi/dXzEYyvbxubEF6Wn2ypscTKiKJFFn1ag==",
      "peer": true
    },
    "quill-delta": {
      "version": "5.1.0",
      "resolved": "https://registry.npmjs.org/quill-delta/-/quill-delta-5.1.0.tgz",
      "integrity": "sha512-X74oCeRI4/p0ucjb5Ma8adTXd9Scumz367kkMK5V/IatcX6A0vlgLgKbzXWy5nZmCGeNJm2oQX0d2Eqj+ZIlCA==",
      "peer": true,
      "requires": {
        "fast-diff": "^1.3.0",
        "lodash.clonedeep": "^4.5.0",
        "lodash.isequal": "^4.5.0"
      }
    },
    "readable-stream": {
      "version": "2.3.8",
      "resolved": "https://registry.npmjs.org/readable-stream/-/readable-stream-2.3.8.tgz",
      "integrity": "sha512-8p0AUk4XODgIewSi0l8Epjs+EVnWiK7NoDIEGU0HhE7+ZyY8D1IMY7odu5lRrFXGg71L15KG8QrPmum45RTtdA==",
      "peer": true,
      "requires": {
        "core-util-is": "~1.0.0",
        "inherits": "~2.0.3",
        "isarray": "~1.0.0",
        "process-nextick-args": "~2.0.0",
        "safe-buffer": "~5.1.1",
        "string_decoder": "~1.1.1",
        "util-deprecate": "~1.0.1"
      }
    },
    "regenerator-runtime": {
      "version": "0.13.11",
      "resolved": "https://registry.npmjs.org/regenerator-runtime/-/regenerator-runtime-0.13.11.tgz",
      "integrity": "sha512-kY1AZVr2Ra+t+piVaJ4gxaFaReZVH40AKNo7UCX6W+dEwBo/2oZJzqfuN1qLq1oL45o56cPaTXELwrTh8Fpggg==",
      "peer": true
    },
    "rrule": {
      "version": "2.7.2",
      "resolved": "https://registry.npmjs.org/rrule/-/rrule-2.7.2.tgz",
      "integrity": "sha512-NkBsEEB6FIZOZ3T8frvEBOB243dm46SPufpDckY/Ap/YH24V1zLeMmDY8OA10lk452NdrF621+ynDThE7FQU2A==",
      "peer": true,
      "requires": {
        "tslib": "^2.4.0"
      }
    },
    "safe-buffer": {
      "version": "5.1.2",
      "resolved": "https://registry.npmjs.org/safe-buffer/-/safe-buffer-5.1.2.tgz",
      "integrity": "sha512-Gd2UZBJDkXlY7GbJxfsE8/nvKkUEU1G38c1siN6QP6a9PT9MmHB8GnpscSmMJSoF8LOIrt8ud/wPtojys4G6+g==",
      "peer": true
    },
    "setimmediate": {
      "version": "1.0.5",
      "resolved": "https://registry.npmjs.org/setimmediate/-/setimmediate-1.0.5.tgz",
      "integrity": "sha512-MATJdZp8sLqDl/68LfQmbP8zKPLQNV6BIZoIgrscFDQ+RsvK/BxeDQOgyxKKoh0y/8h3BqVFnCqQ/gd+reiIXA==",
      "peer": true
    },
    "showdown": {
      "version": "2.1.0",
      "resolved": "https://registry.npmjs.org/showdown/-/showdown-2.1.0.tgz",
      "integrity": "sha512-/6NVYu4U819R2pUIk79n67SYgJHWCce0a5xTP979WbNp0FL9MN1I1QK662IDU1b6JzKTvmhgI7T7JYIxBi3kMQ==",
      "peer": true,
      "requires": {
        "commander": "^9.0.0"
      }
    },
    "string_decoder": {
      "version": "1.1.1",
      "resolved": "https://registry.npmjs.org/string_decoder/-/string_decoder-1.1.1.tgz",
      "integrity": "sha512-n/ShnvDi6FHbbVfviro+WojiFzv+s8MPMHBczVePfUpDJLwoLT0ht1l4YwBCbi8pJAveEEdnkHyPyTP/mzRfwg==",
      "peer": true,
      "requires": {
        "safe-buffer": "~5.1.0"
      }
    },
    "tslib": {
      "version": "2.5.0",
      "resolved": "https://registry.npmjs.org/tslib/-/tslib-2.5.0.tgz",
      "integrity": "sha512-336iVw3rtn2BUK7ORdIAHTyxHGRIHVReokCR3XjbckJMK7ms8FysBfhLR8IXnAgy7T0PTPNBWKiH514FOW/WSg==",
      "peer": true
    },
    "turndown": {
      "version": "7.1.2",
      "resolved": "https://registry.npmjs.org/turndown/-/turndown-7.1.2.tgz",
      "integrity": "sha512-ntI9R7fcUKjqBP6QU8rBK2Ehyt8LAzt3UBT9JR9tgo6GtuKvyUzpayWmeMKJw1DPdXzktvtIT8m2mVXz+bL/Qg==",
      "peer": true,
      "requires": {
        "domino": "^2.1.6"
      }
    },
    "util-deprecate": {
      "version": "1.0.2",
      "resolved": "https://registry.npmjs.org/util-deprecate/-/util-deprecate-1.0.2.tgz",
      "integrity": "sha512-EPD5q1uXyFxJpCrLnCc1nHnq3gOa6DZBocAIiI2TaSCA7VCJ1UJDMagCzIkXNsUYfD1daK//LTEQ8xiIbrHtcw==",
      "peer": true
    }
  }
}
